
Microsoft Visual Studio Solution File, Format Version 12.00
# Visual Studio Version 17
VisualStudioVersion = 17.14.36518.9 d17.14
MinimumVisualStudioVersion = 10.0.40219.1
Project("{2150E333-8FDC-42A3-9474-1A3956D46DE8}") = "API", "API", "{02EA681E-C7D8-13C7-8484-4AC65E1B71E8}"
EndProject
Project("{2150E333-8FDC-42A3-9474-1A3956D46DE8}") = "Dominio", "Dominio", "{29F1BA0E-3488-4290-8508-9EF0383AE92C}"
EndProject
Project("{2150E333-8FDC-42A3-9474-1A3956D46DE8}") = "Data", "Data", "{5BB3839D-AC49-4706-8BF4-5032C2493947}"
EndProject
Project("{2150E333-8FDC-42A3-9474-1A3956D46DE8}") = "Service", "Service", "{0FB4EAC0-8F14-4FED-83E1-F720CEA229CE}"
EndProject
Project("{FAE04EC0-301F-11D3-BF4B-00C04F79EFBC}") = "komputahsoftware", "komputahsoftware\komputahsoftware.csproj", "{541A0EF3-5A2A-42D3-921F-2669A88ACEC8}"
EndProject
Project("{FAE04EC0-301F-11D3-BF4B-00C04F79EFBC}") = "komputahsoftware.Data", "komputahsoftware.Data\komputahsoftware.Data.csproj", "{B9EECBFB-A03F-4EDE-BE13-A2E5A82A53CA}"
EndProject
Project("{FAE04EC0-301F-11D3-BF4B-00C04F79EFBC}") = "komputahsoftware.Dominio", "komputahsoftware.Dominio\komputahsoftware.Dominio.csproj", "{6A9CC740-8818-4ACB-80B4-D008A21D9A8F}"
EndProject
Project("{FAE04EC0-301F-11D3-BF4B-00C04F79EFBC}") = "komputahsoftware.Service", "komputahsoftware.Service\komputahsoftware.Service.csproj", "{D5C6E7B9-7A1E-45D6-9A13-5003A884A1DB}"
EndProject
Global
	GlobalSection(SolutionConfigurationPlatforms) = preSolution
		Debug|Any CPU = Debug|Any CPU
		Release|Any CPU = Release|Any CPU
	EndGlobalSection
	GlobalSection(ProjectConfigurationPlatforms) = postSolution
		{541A0EF3-5A2A-42D3-921F-2669A88ACEC8}.Debug|Any CPU.ActiveCfg = Debug|Any CPU
		{541A0EF3-5A2A-42D3-921F-2669A88ACEC8}.Debug|Any CPU.Build.0 = Debug|Any CPU
		{541A0EF3-5A2A-42D3-921F-2669A88ACEC8}.Release|Any CPU.ActiveCfg = Release|Any CPU
		{541A0EF3-5A2A-42D3-921F-2669A88ACEC8}.Release|Any CPU.Build.0 = Release|Any CPU
		{B9EECBFB-A03F-4EDE-BE13-A2E5A82A53CA}.Debug|Any CPU.ActiveCfg = Debug|Any CPU
		{B9EECBFB-A03F-4EDE-BE13-A2E5A82A53CA}.Debug|Any CPU.Build.0 = Debug|Any CPU
		{B9EECBFB-A03F-4EDE-BE13-A2E5A82A53CA}.Release|Any CPU.ActiveCfg = Release|Any CPU
		{B9EECBFB-A03F-4EDE-BE13-A2E5A82A53CA}.Release|Any CPU.Build.0 = Release|Any CPU
		{6A9CC740-8818-4ACB-80B4-D008A21D9A8F}.Debug|Any CPU.ActiveCfg = Debug|Any CPU
		{6A9CC740-8818-4ACB-80B4-D008A21D9A8F}.Debug|Any CPU.Build.0 = Debug|Any CPU
		{6A9CC740-8818-4ACB-80B4-D008A21D9A8F}.Release|Any CPU.ActiveCfg = Release|Any CPU
		{6A9CC740-8818-4ACB-80B4-D008A21D9A8F}.Release|Any CPU.Build.0 = Release|Any CPU
		{D5C6E7B9-7A1E-45D6-9A13-5003A884A1DB}.Debug|Any CPU.ActiveCfg = Debug|Any CPU
		{D5C6E7B9-7A1E-45D6-9A13-5003A884A1DB}.Debug|Any CPU.Build.0 = Debug|Any CPU
		{D5C6E7B9-7A1E-45D6-9A13-5003A884A1DB}.Release|Any CPU.ActiveCfg = Release|Any CPU
		{D5C6E7B9-7A1E-45D6-9A13-5003A884A1DB}.Release|Any CPU.Build.0 = Release|Any CPU
	EndGlobalSection
	GlobalSection(SolutionProperties) = preSolution
		HideSolutionNode = FALSE
	EndGlobalSection
	GlobalSection(NestedProjects) = preSolution
		{541A0EF3-5A2A-42D3-921F-2669A88ACEC8} = {02EA681E-C7D8-13C7-8484-4AC65E1B71E8}
		{B9EECBFB-A03F-4EDE-BE13-A2E5A82A53CA} = {5BB3839D-AC49-4706-8BF4-5032C2493947}
		{6A9CC740-8818-4ACB-80B4-D008A21D9A8F} = {29F1BA0E-3488-4290-8508-9EF0383AE92C}
		{D5C6E7B9-7A1E-45D6-9A13-5003A884A1DB} = {0FB4EAC0-8F14-4FED-83E1-F720CEA229CE}
	EndGlobalSection
	GlobalSection(ExtensibilityGlobals) = postSolution
		SolutionGuid = {66E68524-D151-4520-B4C0-FFF5AA4AD86B}
	EndGlobalSection
EndGlobal
